// !$*UTF8*$!
{
	archiveVersion = 1;
	classes = {
	};
	objectVersion = 50;
	objects = {

/* Begin PBXBuildFile section */
		59D2088C2655BB67001143CE /* SwiftUI_and_GithubApp.swift in Sources */ = {isa = PBXBuildFile; fileRef = 59D2088B2655BB67001143CE /* SwiftUI_and_GithubApp.swift */; };
		59D2088E2655BB67001143CE /* ContentView.swift in Sources */ = {isa = PBXBuildFile; fileRef = 59D2088D2655BB67001143CE /* ContentView.swift */; };
		59D208902655BB69001143CE /* Assets.xcassets in Resources */ = {isa = PBXBuildFile; fileRef = 59D2088F2655BB69001143CE /* Assets.xcassets */; };
		59D208932655BB69001143CE /* Preview Assets.xcassets in Resources */ = {isa = PBXBuildFile; fileRef = 59D208922655BB69001143CE /* Preview Assets.xcassets */; };
		59D2089E2655BB69001143CE /* SwiftUI_and_GithubTests.swift in Sources */ = {isa = PBXBuildFile; fileRef = 59D2089D2655BB69001143CE /* SwiftUI_and_GithubTests.swift */; };
		59D208A92655BB69001143CE /* SwiftUI_and_GithubUITests.swift in Sources */ = {isa = PBXBuildFile; fileRef = 59D208A82655BB69001143CE /* SwiftUI_and_GithubUITests.swift */; };
/* End PBXBuildFile section */

/* Begin PBXContainerItemProxy section */
		59D2089A2655BB69001143CE /* PBXContainerItemProxy */ = {
			isa = PBXContainerItemProxy;
			containerPortal = 59D208802655BB67001143CE /* Project object */;
			proxyType = 1;
			remoteGlobalIDString = 59D208872655BB67001143CE;
			remoteInfo = "SwiftUI and Github";
		};
		59D208A52655BB69001143CE /* PBXContainerItemProxy */ = {
			isa = PBXContainerItemProxy;
			containerPortal = 59D208802655BB67001143CE /* Project object */;
			proxyType = 1;
			remoteGlobalIDString = 59D208872655BB67001143CE;
			remoteInfo = "SwiftUI and Github";
		};
/* End PBXContainerItemProxy section */

/* Begin PBXFileReference section */
		59D208882655BB67001143CE /* SwiftUI and Github.app */ = {isa = PBXFileReference; explicitFileType = wrapper.application; includeInIndex = 0; path = "SwiftUI and Github.app"; sourceTree = BUILT_PRODUCTS_DIR; };
		59D2088B2655BB67001143CE /* SwiftUI_and_GithubApp.swift */ = {isa = PBXFileReference; lastKnownFileType = sourcecode.swift; path = SwiftUI_and_GithubApp.swift; sourceTree = "<group>"; };
		59D2088D2655BB67001143CE /* ContentView.swift */ = {isa = PBXFileReference; lastKnownFileType = sourcecode.swift; path = ContentView.swift; sourceTree = "<group>"; };
		59D2088F2655BB69001143CE /* Assets.xcassets */ = {isa = PBXFileReference; lastKnownFileType = folder.assetcatalog; path = Assets.xcassets; sourceTree = "<group>"; };
		59D208922655BB69001143CE /* Preview Assets.xcassets */ = {isa = PBXFileReference; lastKnownFileType = folder.assetcatalog; path = "Preview Assets.xcassets"; sourceTree = "<group>"; };
		59D208942655BB69001143CE /* Info.plist */ = {isa = PBXFileReference; lastKnownFileType = text.plist.xml; path = Info.plist; sourceTree = "<group>"; };
		59D208992655BB69001143CE /* SwiftUI and GithubTests.xctest */ = {isa = PBXFileReference; explicitFileType = wrapper.cfbundle; includeInIndex = 0; path = "SwiftUI and GithubTests.xctest"; sourceTree = BUILT_PRODUCTS_DIR; };
		59D2089D2655BB69001143CE /* SwiftUI_and_GithubTests.swift */ = {isa = PBXFileReference; lastKnownFileType = sourcecode.swift; path = SwiftUI_and_GithubTests.swift; sourceTree = "<group>"; };
		59D2089F2655BB69001143CE /* Info.plist */ = {isa = PBXFileReference; lastKnownFileType = text.plist.xml; path = Info.plist; sourceTree = "<group>"; };
		59D208A42655BB69001143CE /* SwiftUI and GithubUITests.xctest */ = {isa = PBXFileReference; explicitFileType = wrapper.cfbundle; includeInIndex = 0; path = "SwiftUI and GithubUITests.xctest"; sourceTree = BUILT_PRODUCTS_DIR; };
		59D208A82655BB69001143CE /* SwiftUI_and_GithubUITests.swift */ = {isa = PBXFileReference; lastKnownFileType = sourcecode.swift; path = SwiftUI_and_GithubUITests.swift; sourceTree = "<group>"; };
		59D208AA2655BB69001143CE /* Info.plist */ = {isa = PBXFileReference; lastKnownFileType = text.plist.xml; path = Info.plist; sourceTree = "<group>"; };
/* End PBXFileReference section */

/* Begin PBXFrameworksBuildPhase section */
		59D208852655BB67001143CE /* Frameworks */ = {
			isa = PBXFrameworksBuildPhase;
			buildActionMask = 2147483647;
			files = (
			);
			runOnlyForDeploymentPostprocessing = 0;
		};
		59D208962655BB69001143CE /* Frameworks */ = {
			isa = PBXFrameworksBuildPhase;
			buildActionMask = 2147483647;
			files = (
			);
			runOnlyForDeploymentPostprocessing = 0;
		};
		59D208A12655BB69001143CE /* Frameworks */ = {
			isa = PBXFrameworksBuildPhase;
			buildActionMask = 2147483647;
			files = (
			);
			runOnlyForDeploymentPostprocessing = 0;
		};
/* End PBXFrameworksBuildPhase section */

/* Begin PBXGroup section */
		59D2087F2655BB67001143CE = {
			isa = PBXGroup;
			children = (
				59D2088A2655BB67001143CE /* SwiftUI and Github */,
				59D2089C2655BB69001143CE /* SwiftUI and GithubTests */,
				59D208A72655BB69001143CE /* SwiftUI and GithubUITests */,
				59D208892655BB67001143CE /* Products */,
			);
			sourceTree = "<group>";
		};
		59D208892655BB67001143CE /* Products */ = {
			isa = PBXGroup;
			children = (
				59D208882655BB67001143CE /* SwiftUI and Github.app */,
				59D208992655BB69001143CE /* SwiftUI and GithubTests.xctest */,
				59D208A42655BB69001143CE /* SwiftUI and GithubUITests.xctest */,
			);
			name = Products;
			sourceTree = "<group>";
		};
		59D2088A2655BB67001143CE /* SwiftUI and Github */ = {
			isa = PBXGroup;
			children = (
				59D2088B2655BB67001143CE /* SwiftUI_and_GithubApp.swift */,
				59D2088D2655BB67001143CE /* ContentView.swift */,
				59D2088F2655BB69001143CE /* Assets.xcassets */,
				59D208942655BB69001143CE /* Info.plist */,
				59D208912655BB69001143CE /* Preview Content */,
			);
			path = "SwiftUI and Github";
			sourceTree = "<group>";
		};
		59D208912655BB69001143CE /* Preview Content */ = {
			isa = PBXGroup;
			children = (
				59D208922655BB69001143CE /* Preview Assets.xcassets */,
			);
			path = "Preview Content";
			sourceTree = "<group>";
		};
		59D2089C2655BB69001143CE /* SwiftUI and GithubTests */ = {
			isa = PBXGroup;
			children = (
				59D2089D2655BB69001143CE /* SwiftUI_and_GithubTests.swift */,
				59D2089F2655BB69001143CE /* Info.plist */,
			);
			path = "SwiftUI and GithubTests";
			sourceTree = "<group>";
		};
		59D208A72655BB69001143CE /* SwiftUI and GithubUITests */ = {
			isa = PBXGroup;
			children = (
				59D208A82655BB69001143CE /* SwiftUI_and_GithubUITests.swift */,
				59D208AA2655BB69001143CE /* Info.plist */,
			);
			path = "SwiftUI and GithubUITests";
			sourceTree = "<group>";
		};
/* End PBXGroup section */

/* Begin PBXNativeTarget section */
		59D208872655BB67001143CE /* SwiftUI and Github */ = {
			isa = PBXNativeTarget;
			buildConfigurationList = 59D208AD2655BB69001143CE /* Build configuration list for PBXNativeTarget "SwiftUI and Github" */;
			buildPhases = (
				59D208842655BB67001143CE /* Sources */,
				59D208852655BB67001143CE /* Frameworks */,
				59D208862655BB67001143CE /* Resources */,
			);
			buildRules = (
			);
			dependencies = (
			);
			name = "SwiftUI and Github";
			productName = "SwiftUI and Github";
			productReference = 59D208882655BB67001143CE /* SwiftUI and Github.app */;
			productType = "com.apple.product-type.application";
		};
		59D208982655BB69001143CE /* SwiftUI and GithubTests */ = {
			isa = PBXNativeTarget;
			buildConfigurationList = 59D208B02655BB69001143CE /* Build configuration list for PBXNativeTarget "SwiftUI and GithubTests" */;
			buildPhases = (
				59D208952655BB69001143CE /* Sources */,
				59D208962655BB69001143CE /* Frameworks */,
				59D208972655BB69001143CE /* Resources */,
			);
			buildRules = (
			);
			dependencies = (
				59D2089B2655BB69001143CE /* PBXTargetDependency */,
			);
			name = "SwiftUI and GithubTests";
			productName = "SwiftUI and GithubTests";
			productReference = 59D208992655BB69001143CE /* SwiftUI and GithubTests.xctest */;
			productType = "com.apple.product-type.bundle.unit-test";
		};
		59D208A32655BB69001143CE /* SwiftUI and GithubUITests */ = {
			isa = PBXNativeTarget;
			buildConfigurationList = 59D208B32655BB69001143CE /* Build configuration list for PBXNativeTarget "SwiftUI and GithubUITests" */;
			buildPhases = (
				59D208A02655BB69001143CE /* Sources */,
				59D208A12655BB69001143CE /* Frameworks */,
				59D208A22655BB69001143CE /* Resources */,
			);
			buildRules = (
			);
			dependencies = (
				59D208A62655BB69001143CE /* PBXTargetDependency */,
			);
			name = "SwiftUI and GithubUITests";
			productName = "SwiftUI and GithubUITests";
			productReference = 59D208A42655BB69001143CE /* SwiftUI and GithubUITests.xctest */;
			productType = "com.apple.product-type.bundle.ui-testing";
		};
/* End PBXNativeTarget section */

/* Begin PBXProject section */
		59D208802655BB67001143CE /* Project object */ = {
			isa = PBXProject;
			attributes = {
				LastSwiftUpdateCheck = 1250;
				LastUpgradeCheck = 1250;
				TargetAttributes = {
					59D208872655BB67001143CE = {
						CreatedOnToolsVersion = 12.5;
					};
					59D208982655BB69001143CE = {
						CreatedOnToolsVersion = 12.5;
						TestTargetID = 59D208872655BB67001143CE;
					};
					59D208A32655BB69001143CE = {
						CreatedOnToolsVersion = 12.5;
						TestTargetID = 59D208872655BB67001143CE;
					};
				};
			};
			buildConfigurationList = 59D208832655BB67001143CE /* Build configuration list for PBXProject "SwiftUI and Github" */;
			compatibilityVersion = "Xcode 9.3";
			developmentRegion = en;
			hasScannedForEncodings = 0;
			knownRegions = (
				en,
				Base,
			);
			mainGroup = 59D2087F2655BB67001143CE;
			productRefGroup = 59D208892655BB67001143CE /* Products */;
			projectDirPath = "";
			projectRoot = "";
			targets = (
				59D208872655BB67001143CE /* SwiftUI and Github */,
				59D208982655BB69001143CE /* SwiftUI and GithubTests */,
				59D208A32655BB69001143CE /* SwiftUI and GithubUITests */,
			);
		};
/* End PBXProject section */

/* Begin PBXResourcesBuildPhase section */
		59D208862655BB67001143CE /* Resources */ = {
			isa = PBXResourcesBuildPhase;
			buildActionMask = 2147483647;
			files = (
				59D208932655BB69001143CE /* Preview Assets.xcassets in Resources */,
				59D208902655BB69001143CE /* Assets.xcassets in Resources */,
			);
			runOnlyForDeploymentPostprocessing = 0;
		};
		59D208972655BB69001143CE /* Resources */ = {
			isa = PBXResourcesBuildPhase;
			buildActionMask = 2147483647;
			files = (
			);
			runOnlyForDeploymentPostprocessing = 0;
		};
		59D208A22655BB69001143CE /* Resources */ = {
			isa = PBXResourcesBuildPhase;
			buildActionMask = 2147483647;
			files = (
			);
			runOnlyForDeploymentPostprocessing = 0;
		};
/* End PBXResourcesBuildPhase section */

/* Begin PBXSourcesBuildPhase section */
		59D208842655BB67001143CE /* Sources */ = {
			isa = PBXSourcesBuildPhase;
			buildActionMask = 2147483647;
			files = (
				59D2088E2655BB67001143CE /* ContentView.swift in Sources */,
				59D2088C2655BB67001143CE /* SwiftUI_and_GithubApp.swift in Sources */,
			);
			runOnlyForDeploymentPostprocessing = 0;
		};
		59D208952655BB69001143CE /* Sources */ = {
			isa = PBXSourcesBuildPhase;
			buildActionMask = 2147483647;
			files = (
				59D2089E2655BB69001143CE /* SwiftUI_and_GithubTests.swift in Sources */,
			);
			runOnlyForDeploymentPostprocessing = 0;
		};
		59D208A02655BB69001143CE /* Sources */ = {
			isa = PBXSourcesBuildPhase;
			buildActionMask = 2147483647;
			files = (
				59D208A92655BB69001143CE /* SwiftUI_and_GithubUITests.swift in Sources */,
			);
			runOnlyForDeploymentPostprocessing = 0;
		};
/* End PBXSourcesBuildPhase section */

/* Begin PBXTargetDependency section */
		59D2089B2655BB69001143CE /* PBXTargetDependency */ = {
			isa = PBXTargetDependency;
			target = 59D208872655BB67001143CE /* SwiftUI and Github */;
			targetProxy = 59D2089A2655BB69001143CE /* PBXContainerItemProxy */;
		};
		59D208A62655BB69001143CE /* PBXTargetDependency */ = {
			isa = PBXTargetDependency;
			target = 59D208872655BB67001143CE /* SwiftUI and Github */;
			targetProxy = 59D208A52655BB69001143CE /* PBXContainerItemProxy */;
		};
/* End PBXTargetDependency section */

/* Begin XCBuildConfiguration section */
		59D208AB2655BB69001143CE /* Debug */ = {
			isa = XCBuildConfiguration;
			buildSettings = {
				ALWAYS_SEARCH_USER_PATHS = NO;
				CLANG_ANALYZER_NONNULL = YES;
				CLANG_ANALYZER_NUMBER_OBJECT_CONVERSION = YES_AGGRESSIVE;
				CLANG_CXX_LANGUAGE_STANDARD = "gnu++14";
				CLANG_CXX_LIBRARY = "libc++";
				CLANG_ENABLE_MODULES = YES;
				CLANG_ENABLE_OBJC_ARC = YES;
				CLANG_ENABLE_OBJC_WEAK = YES;
				CLANG_WARN_BLOCK_CAPTURE_AUTORELEASING = YES;
				CLANG_WARN_BOOL_CONVERSION = YES;
				CLANG_WARN_COMMA = YES;
				CLANG_WARN_CONSTANT_CONVERSION = YES;
				CLANG_WARN_DEPRECATED_OBJC_IMPLEMENTATIONS = YES;
				CLANG_WARN_DIRECT_OBJC_ISA_USAGE = YES_ERROR;
				CLANG_WARN_DOCUMENTATION_COMMENTS = YES;
				CLANG_WARN_EMPTY_BODY = YES;
				CLANG_WARN_ENUM_CONVERSION = YES;
				CLANG_WARN_INFINITE_RECURSION = YES;
				CLANG_WARN_INT_CONVERSION = YES;
				CLANG_WARN_NON_LITERAL_NULL_CONVERSION = YES;
				CLANG_WARN_OBJC_IMPLICIT_RETAIN_SELF = YES;
				CLANG_WARN_OBJC_LITERAL_CONVERSION = YES;
				CLANG_WARN_OBJC_ROOT_CLASS = YES_ERROR;
				CLANG_WARN_QUOTED_INCLUDE_IN_FRAMEWORK_HEADER = YES;
				CLANG_WARN_RANGE_LOOP_ANALYSIS = YES;
				CLANG_WARN_STRICT_PROTOTYPES = YES;
				CLANG_WARN_SUSPICIOUS_MOVE = YES;
				CLANG_WARN_UNGUARDED_AVAILABILITY = YES_AGGRESSIVE;
				CLANG_WARN_UNREACHABLE_CODE = YES;
				CLANG_WARN__DUPLICATE_METHOD_MATCH = YES;
				COPY_PHASE_STRIP = NO;
				DEBUG_INFORMATION_FORMAT = dwarf;
				ENABLE_STRICT_OBJC_MSGSEND = YES;
				ENABLE_TESTABILITY = YES;
				GCC_C_LANGUAGE_STANDARD = gnu11;
				GCC_DYNAMIC_NO_PIC = NO;
				GCC_NO_COMMON_BLOCKS = YES;
				GCC_OPTIMIZATION_LEVEL = 0;
				GCC_PREPROCESSOR_DEFINITIONS = (
					"DEBUG=1",
					"$(inherited)",
				);
				GCC_WARN_64_TO_32_BIT_CONVERSION = YES;
				GCC_WARN_ABOUT_RETURN_TYPE = YES_ERROR;
				GCC_WARN_UNDECLARED_SELECTOR = YES;
				GCC_WARN_UNINITIALIZED_AUTOS = YES_AGGRESSIVE;
				GCC_WARN_UNUSED_FUNCTION = YES;
				GCC_WARN_UNUSED_VARIABLE = YES;
				IPHONEOS_DEPLOYMENT_TARGET = 14.5;
				MTL_ENABLE_DEBUG_INFO = INCLUDE_SOURCE;
				MTL_FAST_MATH = YES;
				ONLY_ACTIVE_ARCH = YES;
				SDKROOT = iphoneos;
				SWIFT_ACTIVE_COMPILATION_CONDITIONS = DEBUG;
				SWIFT_OPTIMIZATION_LEVEL = "-Onone";
			};
			name = Debug;
		};
		59D208AC2655BB69001143CE /* Release */ = {
			isa = XCBuildConfiguration;
			buildSettings = {
				ALWAYS_SEARCH_USER_PATHS = NO;
				CLANG_ANALYZER_NONNULL = YES;
				CLANG_ANALYZER_NUMBER_OBJECT_CONVERSION = YES_AGGRESSIVE;
				CLANG_CXX_LANGUAGE_STANDARD = "gnu++14";
				CLANG_CXX_LIBRARY = "libc++";
				CLANG_ENABLE_MODULES = YES;
				CLANG_ENABLE_OBJC_ARC = YES;
				CLANG_ENABLE_OBJC_WEAK = YES;
				CLANG_WARN_BLOCK_CAPTURE_AUTORELEASING = YES;
				CLANG_WARN_BOOL_CONVERSION = YES;
				CLANG_WARN_COMMA = YES;
				CLANG_WARN_CONSTANT_CONVERSION = YES;
				CLANG_WARN_DEPRECATED_OBJC_IMPLEMENTATIONS = YES;
				CLANG_WARN_DIRECT_OBJC_ISA_USAGE = YES_ERROR;
				CLANG_WARN_DOCUMENTATION_COMMENTS = YES;
				CLANG_WARN_EMPTY_BODY = YES;
				CLANG_WARN_ENUM_CONVERSION = YES;
				CLANG_WARN_INFINITE_RECURSION = YES;
				CLANG_WARN_INT_CONVERSION = YES;
				CLANG_WARN_NON_LITERAL_NULL_CONVERSION = YES;
				CLANG_WARN_OBJC_IMPLICIT_RETAIN_SELF = YES;
				CLANG_WARN_OBJC_LITERAL_CONVERSION = YES;
				CLANG_WARN_OBJC_ROOT_CLASS = YES_ERROR;
				CLANG_WARN_QUOTED_INCLUDE_IN_FRAMEWORK_HEADER = YES;
				CLANG_WARN_RANGE_LOOP_ANALYSIS = YES;
				CLANG_WARN_STRICT_PROTOTYPES = YES;
				CLANG_WARN_SUSPICIOUS_MOVE = YES;
				CLANG_WARN_UNGUARDED_AVAILABILITY = YES_AGGRESSIVE;
				CLANG_WARN_UNREACHABLE_CODE = YES;
				CLANG_WARN__DUPLICATE_METHOD_MATCH = YES;
				COPY_PHASE_STRIP = NO;
				DEBUG_INFORMATION_FORMAT = "dwarf-with-dsym";
				ENABLE_NS_ASSERTIONS = NO;
				ENABLE_STRICT_OBJC_MSGSEND = YES;
				GCC_C_LANGUAGE_STANDARD = gnu11;
				GCC_NO_COMMON_BLOCKS = YES;
				GCC_WARN_64_TO_32_BIT_CONVERSION = YES;
				GCC_WARN_ABOUT_RETURN_TYPE = YES_ERROR;
				GCC_WARN_UNDECLARED_SELECTOR = YES;
				GCC_WARN_UNINITIALIZED_AUTOS = YES_AGGRESSIVE;
				GCC_WARN_UNUSED_FUNCTION = YES;
				GCC_WARN_UNUSED_VARIABLE = YES;
				IPHONEOS_DEPLOYMENT_TARGET = 14.5;
				MTL_ENABLE_DEBUG_INFO = NO;
				MTL_FAST_MATH = YES;
				SDKROOT = iphoneos;
				SWIFT_COMPILATION_MODE = wholemodule;
				SWIFT_OPTIMIZATION_LEVEL = "-O";
				VALIDATE_PRODUCT = YES;
			};
			name = Release;
		};
		59D208AE2655BB69001143CE /* Debug */ = {
			isa = XCBuildConfiguration;
			buildSettings = {
				ASSETCATALOG_COMPILER_APPICON_NAME = AppIcon;
				ASSETCATALOG_COMPILER_GLOBAL_ACCENT_COLOR_NAME = AccentColor;
				CODE_SIGN_STYLE = Automatic;
				DEVELOPMENT_ASSET_PATHS = "\"SwiftUI and Github/Preview Content\"";
				DEVELOPMENT_TEAM = FYLDT34D89;
				ENABLE_PREVIEWS = YES;
				INFOPLIST_FILE = "SwiftUI and Github/Info.plist";
				IPHONEOS_DEPLOYMENT_TARGET = 14.0;
				LD_RUNPATH_SEARCH_PATHS = (
					"$(inherited)",
					"@executable_path/Frameworks",
				);
				PRODUCT_BUNDLE_IDENTIFIER = "com.JavierGonzalez.SwiftUI-and-Github";
				PRODUCT_NAME = "$(TARGET_NAME)";
				SWIFT_VERSION = 5.0;
				TARGETED_DEVICE_FAMILY = "1,2";
			};
			name = Debug;
		};
		59D208AF2655BB69001143CE /* Release */ = {
			isa = XCBuildConfiguration;
			buildSettings = {
				ASSETCATALOG_COMPILER_APPICON_NAME = AppIcon;
				ASSETCATALOG_COMPILER_GLOBAL_ACCENT_COLOR_NAME = AccentColor;
				CODE_SIGN_STYLE = Automatic;
				DEVELOPMENT_ASSET_PATHS = "\"SwiftUI and Github/Preview Content\"";
				DEVELOPMENT_TEAM = FYLDT34D89;
				ENABLE_PREVIEWS = YES;
				INFOPLIST_FILE = "SwiftUI and Github/Info.plist";
				IPHONEOS_DEPLOYMENT_TARGET = 14.0;
				LD_RUNPATH_SEARCH_PATHS = (
					"$(inherited)",
					"@executable_path/Frameworks",
				);
				PRODUCT_BUNDLE_IDENTIFIER = "com.JavierGonzalez.SwiftUI-and-Github";
				PRODUCT_NAME = "$(TARGET_NAME)";
				SWIFT_VERSION = 5.0;
				TARGETED_DEVICE_FAMILY = "1,2";
			};
			name = Release;
		};
		59D208B12655BB69001143CE /* Debug */ = {
			isa = XCBuildConfiguration;
			buildSettings = {
				ALWAYS_EMBED_SWIFT_STANDARD_LIBRARIES = YES;
				BUNDLE_LOADER = "$(TEST_HOST)";
				CODE_SIGN_STYLE = Automatic;
				DEVELOPMENT_TEAM = FYLDT34D89;
				INFOPLIST_FILE = "SwiftUI and GithubTests/Info.plist";
				IPHONEOS_DEPLOYMENT_TARGET = 14.0;
				LD_RUNPATH_SEARCH_PATHS = (
					"$(inherited)",
					"@executable_path/Frameworks",
					"@loader_path/Frameworks",
				);
				PRODUCT_BUNDLE_IDENTIFIER = "com.JavierGonzalez.SwiftUI-and-GithubTests";
				PRODUCT_NAME = "$(TARGET_NAME)";
				SWIFT_VERSION = 5.0;
				TARGETED_DEVICE_FAMILY = "1,2";
				TEST_HOST = "$(BUILT_PRODUCTS_DIR)/SwiftUI and Github.app/SwiftUI and Github";
			};
			name = Debug;
		};
		59D208B22655BB69001143CE /* Release */ = {
			isa = XCBuildConfiguration;
			buildSettings = {
				ALWAYS_EMBED_SWIFT_STANDARD_LIBRARIES = YES;
				BUNDLE_LOADER = "$(TEST_HOST)";
				CODE_SIGN_STYLE = Automatic;
				DEVELOPMENT_TEAM = FYLDT34D89;
				INFOPLIST_FILE = "SwiftUI and GithubTests/Info.plist";
				IPHONEOS_DEPLOYMENT_TARGET = 14.0;
				LD_RUNPATH_SEARCH_PATHS = (
					"$(inherited)",
					"@executable_path/Frameworks",
					"@loader_path/Frameworks",
				);
				PRODUCT_BUNDLE_IDENTIFIER = "com.JavierGonzalez.SwiftUI-and-GithubTests";
				PRODUCT_NAME = "$(TARGET_NAME)";
				SWIFT_VERSION = 5.0;
				TARGETED_DEVICE_FAMILY = "1,2";
				TEST_HOST = "$(BUILT_PRODUCTS_DIR)/SwiftUI and Github.app/SwiftUI and Github";
			};
			name = Release;
		};
		59D208B42655BB69001143CE /* Debug */ = {
			isa = XCBuildConfiguration;
			buildSettings = {
				ALWAYS_EMBED_SWIFT_STANDARD_LIBRARIES = YES;
				CODE_SIGN_STYLE = Automatic;
				DEVELOPMENT_TEAM = FYLDT34D89;
				INFOPLIST_FILE = "SwiftUI and GithubUITests/Info.plist";
				LD_RUNPATH_SEARCH_PATHS = (
					"$(inherited)",
					"@executable_path/Frameworks",
					"@loader_path/Frameworks",
				);
				PRODUCT_BUNDLE_IDENTIFIER = "com.JavierGonzalez.SwiftUI-and-GithubUITests";
				PRODUCT_NAME = "$(TARGET_NAME)";
				SWIFT_VERSION = 5.0;
				TARGETED_DEVICE_FAMILY = "1,2";
				TEST_TARGET_NAME = "SwiftUI and Github";
			};
			name = Debug;
		};
		59D208B52655BB69001143CE /* Release */ = {
			isa = XCBuildConfiguration;
			buildSettings = {
				ALWAYS_EMBED_SWIFT_STANDARD_LIBRARIES = YES;
				CODE_SIGN_STYLE = Automatic;
				DEVELOPMENT_TEAM = FYLDT34D89;
				INFOPLIST_FILE = "SwiftUI and GithubUITests/Info.plist";
				LD_RUNPATH_SEARCH_PATHS = (
					"$(inherited)",
					"@executable_path/Frameworks",
					"@loader_path/Frameworks",
				);
				PRODUCT_BUNDLE_IDENTIFIER = "com.JavierGonzalez.SwiftUI-and-GithubUITests";
				PRODUCT_NAME = "$(TARGET_NAME)";
				SWIFT_VERSION = 5.0;
				TARGETED_DEVICE_FAMILY = "1,2";
				TEST_TARGET_NAME = "SwiftUI and Github";
			};
			name = Release;
		};
/* End XCBuildConfiguration section */

/* Begin XCConfigurationList section */
		59D208832655BB67001143CE /* Build configuration list for PBXProject "SwiftUI and Github" */ = {
			isa = XCConfigurationList;
			buildConfigurations = (
				59D208AB2655BB69001143CE /* Debug */,
				59D208AC2655BB69001143CE /* Release */,
			);
			defaultConfigurationIsVisible = 0;
			defaultConfigurationName = Release;
		};
		59D208AD2655BB69001143CE /* Build configuration list for PBXNativeTarget "SwiftUI and Github" */ = {
			isa = XCConfigurationList;
			buildConfigurations = (
				59D208AE2655BB69001143CE /* Debug */,
				59D208AF2655BB69001143CE /* Release */,
			);
			defaultConfigurationIsVisible = 0;
			defaultConfigurationName = Release;
		};
		59D208B02655BB69001143CE /* Build configuration list for PBXNativeTarget "SwiftUI and GithubTests" */ = {
			isa = XCConfigurationList;
			buildConfigurations = (
				59D208B12655BB69001143CE /* Debug */,
				59D208B22655BB69001143CE /* Release */,
			);
			defaultConfigurationIsVisible = 0;
			defaultConfigurationName = Release;
		};
		59D208B32655BB69001143CE /* Build configuration list for PBXNativeTarget "SwiftUI and GithubUITests" */ = {
			isa = XCConfigurationList;
			buildConfigurations = (
				59D208B42655BB69001143CE /* Debug */,
				59D208B52655BB69001143CE /* Release */,
			);
			defaultConfigurationIsVisible = 0;
			defaultConfigurationName = Release;
		};
/* End XCConfigurationList section */
	};
	rootObject = 59D208802655BB67001143CE /* Project object */;
}
